// !$*UTF8*$!
{
	archiveVersion = 1;
	classes = {
	};
	objectVersion = 46;
	objects = {

/* Begin PBXBuildFile section */
		BC77134A1BA7BE790027B33E /* field.png in Resources */ = {isa = PBXBuildFile; fileRef = BC7713491BA7BE790027B33E /* field.png */; };
		BC77134C1BA7BF1D0027B33E /* iBeacon.png in Resources */ = {isa = PBXBuildFile; fileRef = BC77134B1BA7BF1D0027B33E /* iBeacon.png */; };
		BC77134F1BA7C44E0027B33E /* man.png in Resources */ = {isa = PBXBuildFile; fileRef = BC77134E1BA7C44E0027B33E /* man.png */; };
		BC7713511BABD4A90027B33E /* CoreGraphics.framework in Frameworks */ = {isa = PBXBuildFile; fileRef = BC7713501BABD4A90027B33E /* CoreGraphics.framework */; };
		BC7713861BD084F20027B33E /* circle.m in Sources */ = {isa = PBXBuildFile; fileRef = BC7713851BD084F20027B33E /* circle.m */; };
		E1E250C91A3751EC00B021C8 /* main.m in Sources */ = {isa = PBXBuildFile; fileRef = E1E250C81A3751EC00B021C8 /* main.m */; };
		E1E250CC1A3751EC00B021C8 /* AppDelegate.m in Sources */ = {isa = PBXBuildFile; fileRef = E1E250CB1A3751EC00B021C8 /* AppDelegate.m */; };
		E1E250CF1A3751EC00B021C8 /* iBeaconTest00.xcdatamodeld in Sources */ = {isa = PBXBuildFile; fileRef = E1E250CD1A3751EC00B021C8 /* iBeaconTest00.xcdatamodeld */; };
		E1E250D21A3751EC00B021C8 /* ViewController.m in Sources */ = {isa = PBXBuildFile; fileRef = E1E250D11A3751EC00B021C8 /* ViewController.m */; };
		E1E250D51A3751EC00B021C8 /* Main.storyboard in Resources */ = {isa = PBXBuildFile; fileRef = E1E250D31A3751EC00B021C8 /* Main.storyboard */; };
		E1E250D71A3751EC00B021C8 /* Images.xcassets in Resources */ = {isa = PBXBuildFile; fileRef = E1E250D61A3751EC00B021C8 /* Images.xcassets */; };
		E1E250DA1A3751EC00B021C8 /* LaunchScreen.xib in Resources */ = {isa = PBXBuildFile; fileRef = E1E250D81A3751EC00B021C8 /* LaunchScreen.xib */; };
		E1E250E61A3751EC00B021C8 /* iBeaconTest00Tests.m in Sources */ = {isa = PBXBuildFile; fileRef = E1E250E51A3751EC00B021C8 /* iBeaconTest00Tests.m */; };
		E1E250F01A3931D000B021C8 /* CoreLocation.framework in Frameworks */ = {isa = PBXBuildFile; fileRef = E1E250EF1A3931D000B021C8 /* CoreLocation.framework */; };
		E1E250F21A393C3C00B021C8 /* readme.txt in Resources */ = {isa = PBXBuildFile; fileRef = E1E250F11A393C3C00B021C8 /* readme.txt */; };
/* End PBXBuildFile section */

/* Begin PBXContainerItemProxy section */
		E1E250E01A3751EC00B021C8 /* PBXContainerItemProxy */ = {
			isa = PBXContainerItemProxy;
			containerPortal = E1E250BB1A3751EC00B021C8 /* Project object */;
			proxyType = 1;
			remoteGlobalIDString = E1E250C21A3751EC00B021C8;
			remoteInfo = iBeaconTest00;
		};
/* End PBXContainerItemProxy section */

/* Begin PBXFileReference section */
		BC7713491BA7BE790027B33E /* field.png */ = {isa = PBXFileReference; lastKnownFileType = image.png; path = field.png; sourceTree = "<group>"; };
		BC77134B1BA7BF1D0027B33E /* iBeacon.png */ = {isa = PBXFileReference; lastKnownFileType = image.png; path = iBeacon.png; sourceTree = "<group>"; };
		BC77134E1BA7C44E0027B33E /* man.png */ = {isa = PBXFileReference; lastKnownFileType = image.png; path = man.png; sourceTree = "<group>"; };
		BC7713501BABD4A90027B33E /* CoreGraphics.framework */ = {isa = PBXFileReference; lastKnownFileType = wrapper.framework; name = CoreGraphics.framework; path = System/Library/Frameworks/CoreGraphics.framework; sourceTree = SDKROOT; };
		BC7713841BD084F20027B33E /* circle.h */ = {isa = PBXFileReference; fileEncoding = 4; lastKnownFileType = sourcecode.c.h; path = circle.h; sourceTree = "<group>"; };
		BC7713851BD084F20027B33E /* circle.m */ = {isa = PBXFileReference; fileEncoding = 4; lastKnownFileType = sourcecode.c.objc; path = circle.m; sourceTree = "<group>"; };
		E1E250C31A3751EC00B021C8 /* posi-est.app */ = {isa = PBXFileReference; explicitFileType = wrapper.application; includeInIndex = 0; path = "posi-est.app"; sourceTree = BUILT_PRODUCTS_DIR; };
		E1E250C71A3751EC00B021C8 /* Info.plist */ = {isa = PBXFileReference; lastKnownFileType = text.plist.xml; path = Info.plist; sourceTree = "<group>"; };
		E1E250C81A3751EC00B021C8 /* main.m */ = {isa = PBXFileReference; lastKnownFileType = sourcecode.c.objc; path = main.m; sourceTree = "<group>"; };
		E1E250CA1A3751EC00B021C8 /* AppDelegate.h */ = {isa = PBXFileReference; lastKnownFileType = sourcecode.c.h; path = AppDelegate.h; sourceTree = "<group>"; };
		E1E250CB1A3751EC00B021C8 /* AppDelegate.m */ = {isa = PBXFileReference; lastKnownFileType = sourcecode.c.objc; path = AppDelegate.m; sourceTree = "<group>"; };
		E1E250CE1A3751EC00B021C8 /* iBeaconTest00.xcdatamodel */ = {isa = PBXFileReference; lastKnownFileType = wrapper.xcdatamodel; path = iBeaconTest00.xcdatamodel; sourceTree = "<group>"; };
		E1E250D01A3751EC00B021C8 /* ViewController.h */ = {isa = PBXFileReference; lastKnownFileType = sourcecode.c.h; path = ViewController.h; sourceTree = "<group>"; };
		E1E250D11A3751EC00B021C8 /* ViewController.m */ = {isa = PBXFileReference; lastKnownFileType = sourcecode.c.objc; path = ViewController.m; sourceTree = "<group>"; };
		E1E250D41A3751EC00B021C8 /* Base */ = {isa = PBXFileReference; lastKnownFileType = file.storyboard; name = Base; path = Base.lproj/Main.storyboard; sourceTree = "<group>"; };
		E1E250D61A3751EC00B021C8 /* Images.xcassets */ = {isa = PBXFileReference; lastKnownFileType = folder.assetcatalog; path = Images.xcassets; sourceTree = "<group>"; };
		E1E250D91A3751EC00B021C8 /* Base */ = {isa = PBXFileReference; lastKnownFileType = file.xib; name = Base; path = Base.lproj/LaunchScreen.xib; sourceTree = "<group>"; };
		E1E250DF1A3751EC00B021C8 /* posi-estTests.xctest */ = {isa = PBXFileReference; explicitFileType = wrapper.cfbundle; includeInIndex = 0; path = "posi-estTests.xctest"; sourceTree = BUILT_PRODUCTS_DIR; };
		E1E250E41A3751EC00B021C8 /* Info.plist */ = {isa = PBXFileReference; lastKnownFileType = text.plist.xml; path = Info.plist; sourceTree = "<group>"; };
		E1E250E51A3751EC00B021C8 /* iBeaconTest00Tests.m */ = {isa = PBXFileReference; lastKnownFileType = sourcecode.c.objc; path = iBeaconTest00Tests.m; sourceTree = "<group>"; };
		E1E250EF1A3931D000B021C8 /* CoreLocation.framework */ = {isa = PBXFileReference; lastKnownFileType = wrapper.framework; name = CoreLocation.framework; path = System/Library/Frameworks/CoreLocation.framework; sourceTree = SDKROOT; };
		E1E250F11A393C3C00B021C8 /* readme.txt */ = {isa = PBXFileReference; fileEncoding = 4; lastKnownFileType = text; path = readme.txt; sourceTree = "<group>"; };
/* End PBXFileReference section */

/* Begin PBXFrameworksBuildPhase section */
		E1E250C01A3751EC00B021C8 /* Frameworks */ = {
			isa = PBXFrameworksBuildPhase;
			buildActionMask = 2147483647;
			files = (
				BC7713511BABD4A90027B33E /* CoreGraphics.framework in Frameworks */,
				E1E250F01A3931D000B021C8 /* CoreLocation.framework in Frameworks */,
			);
			runOnlyForDeploymentPostprocessing = 0;
		};
		E1E250DC1A3751EC00B021C8 /* Frameworks */ = {
			isa = PBXFrameworksBuildPhase;
			buildActionMask = 2147483647;
			files = (
			);
			runOnlyForDeploymentPostprocessing = 0;
		};
/* End PBXFrameworksBuildPhase section */

/* Begin PBXGroup section */
		BC77134D1BA7BF520027B33E /* images */ = {
			isa = PBXGroup;
			children = (
				BC77134B1BA7BF1D0027B33E /* iBeacon.png */,
				BC77134E1BA7C44E0027B33E /* man.png */,
				BC7713491BA7BE790027B33E /* field.png */,
			);
			name = images;
			sourceTree = "<group>";
		};
		E1E250BA1A3751EC00B021C8 = {
			isa = PBXGroup;
			children = (
				BC7713501BABD4A90027B33E /* CoreGraphics.framework */,
				E1E250F11A393C3C00B021C8 /* readme.txt */,
				E1E250EF1A3931D000B021C8 /* CoreLocation.framework */,
				E1E250C51A3751EC00B021C8 /* posi-est */,
				E1E250E21A3751EC00B021C8 /* posi-estTests */,
				E1E250C41A3751EC00B021C8 /* Products */,
			);
			sourceTree = "<group>";
		};
		E1E250C41A3751EC00B021C8 /* Products */ = {
			isa = PBXGroup;
			children = (
				E1E250C31A3751EC00B021C8 /* posi-est.app */,
				E1E250DF1A3751EC00B021C8 /* posi-estTests.xctest */,
			);
			name = Products;
			sourceTree = "<group>";
		};
		E1E250C51A3751EC00B021C8 /* posi-est */ = {
			isa = PBXGroup;
			children = (
				E1E250CA1A3751EC00B021C8 /* AppDelegate.h */,
				E1E250CB1A3751EC00B021C8 /* AppDelegate.m */,
				E1E250D01A3751EC00B021C8 /* ViewController.h */,
				E1E250D11A3751EC00B021C8 /* ViewController.m */,
				BC7713841BD084F20027B33E /* circle.h */,
				BC7713851BD084F20027B33E /* circle.m */,
				E1E250D31A3751EC00B021C8 /* Main.storyboard */,
				BC77134D1BA7BF520027B33E /* images */,
				E1E250D61A3751EC00B021C8 /* Images.xcassets */,
				E1E250D81A3751EC00B021C8 /* LaunchScreen.xib */,
				E1E250CD1A3751EC00B021C8 /* iBeaconTest00.xcdatamodeld */,
				E1E250C61A3751EC00B021C8 /* Supporting Files */,
			);
			path = "posi-est";
			sourceTree = "<group>";
		};
		E1E250C61A3751EC00B021C8 /* Supporting Files */ = {
			isa = PBXGroup;
			children = (
				E1E250C71A3751EC00B021C8 /* Info.plist */,
				E1E250C81A3751EC00B021C8 /* main.m */,
			);
			name = "Supporting Files";
			sourceTree = "<group>";
		};
		E1E250E21A3751EC00B021C8 /* posi-estTests */ = {
			isa = PBXGroup;
			children = (
				E1E250E51A3751EC00B021C8 /* iBeaconTest00Tests.m */,
				E1E250E31A3751EC00B021C8 /* Supporting Files */,
			);
			path = "posi-estTests";
			sourceTree = "<group>";
		};
		E1E250E31A3751EC00B021C8 /* Supporting Files */ = {
			isa = PBXGroup;
			children = (
				E1E250E41A3751EC00B021C8 /* Info.plist */,
			);
			name = "Supporting Files";
			sourceTree = "<group>";
		};
/* End PBXGroup section */

/* Begin PBXNativeTarget section */
		E1E250C21A3751EC00B021C8 /* posi-est */ = {
			isa = PBXNativeTarget;
			buildConfigurationList = E1E250E91A3751EC00B021C8 /* Build configuration list for PBXNativeTarget "posi-est" */;
			buildPhases = (
				E1E250BF1A3751EC00B021C8 /* Sources */,
				E1E250C01A3751EC00B021C8 /* Frameworks */,
				E1E250C11A3751EC00B021C8 /* Resources */,
			);
			buildRules = (
			);
			dependencies = (
			);
			name = "posi-est";
			productName = iBeaconTest00;
			productReference = E1E250C31A3751EC00B021C8 /* posi-est.app */;
			productType = "com.apple.product-type.application";
		};
		E1E250DE1A3751EC00B021C8 /* posi-estTests */ = {
			isa = PBXNativeTarget;
			buildConfigurationList = E1E250EC1A3751EC00B021C8 /* Build configuration list for PBXNativeTarget "posi-estTests" */;
			buildPhases = (
				E1E250DB1A3751EC00B021C8 /* Sources */,
				E1E250DC1A3751EC00B021C8 /* Frameworks */,
				E1E250DD1A3751EC00B021C8 /* Resources */,
			);
			buildRules = (
			);
			dependencies = (
				E1E250E11A3751EC00B021C8 /* PBXTargetDependency */,
			);
			name = "posi-estTests";
			productName = iBeaconTest00Tests;
			productReference = E1E250DF1A3751EC00B021C8 /* posi-estTests.xctest */;
			productType = "com.apple.product-type.bundle.unit-test";
		};
/* End PBXNativeTarget section */

/* Begin PBXProject section */
		E1E250BB1A3751EC00B021C8 /* Project object */ = {
			isa = PBXProject;
			attributes = {
				LastUpgradeCheck = 0610;
				ORGANIZATIONNAME = tikomo;
				TargetAttributes = {
					E1E250C21A3751EC00B021C8 = {
						CreatedOnToolsVersion = 6.1.1;
						DevelopmentTeam = SD35SKDQ6K;
					};
					E1E250DE1A3751EC00B021C8 = {
						CreatedOnToolsVersion = 6.1.1;
						TestTargetID = E1E250C21A3751EC00B021C8;
					};
				};
			};
			buildConfigurationList = E1E250BE1A3751EC00B021C8 /* Build configuration list for PBXProject "posi-est" */;
			compatibilityVersion = "Xcode 3.2";
			developmentRegion = English;
			hasScannedForEncodings = 0;
			knownRegions = (
				en,
				Base,
			);
			mainGroup = E1E250BA1A3751EC00B021C8;
			productRefGroup = E1E250C41A3751EC00B021C8 /* Products */;
			projectDirPath = "";
			projectRoot = "";
			targets = (
				E1E250C21A3751EC00B021C8 /* posi-est */,
				E1E250DE1A3751EC00B021C8 /* posi-estTests */,
			);
		};
/* End PBXProject section */

/* Begin PBXResourcesBuildPhase section */
		E1E250C11A3751EC00B021C8 /* Resources */ = {
			isa = PBXResourcesBuildPhase;
			buildActionMask = 2147483647;
			files = (
				E1E250D51A3751EC00B021C8 /* Main.storyboard in Resources */,
				BC77134A1BA7BE790027B33E /* field.png in Resources */,
				E1E250DA1A3751EC00B021C8 /* LaunchScreen.xib in Resources */,
				E1E250F21A393C3C00B021C8 /* readme.txt in Resources */,
				E1E250D71A3751EC00B021C8 /* Images.xcassets in Resources */,
				BC77134C1BA7BF1D0027B33E /* iBeacon.png in Resources */,
				BC77134F1BA7C44E0027B33E /* man.png in Resources */,
			);
			runOnlyForDeploymentPostprocessing = 0;
		};
		E1E250DD1A3751EC00B021C8 /* Resources */ = {
			isa = PBXResourcesBuildPhase;
			buildActionMask = 2147483647;
			files = (
			);
			runOnlyForDeploymentPostprocessing = 0;
		};
/* End PBXResourcesBuildPhase section */

/* Begin PBXSourcesBuildPhase section */
		E1E250BF1A3751EC00B021C8 /* Sources */ = {
			isa = PBXSourcesBuildPhase;
			buildActionMask = 2147483647;
			files = (
				E1E250CC1A3751EC00B021C8 /* AppDelegate.m in Sources */,
				BC7713861BD084F20027B33E /* circle.m in Sources */,
				E1E250CF1A3751EC00B021C8 /* iBeaconTest00.xcdatamodeld in Sources */,
				E1E250D21A3751EC00B021C8 /* ViewController.m in Sources */,
				E1E250C91A3751EC00B021C8 /* main.m in Sources */,
			);
			runOnlyForDeploymentPostprocessing = 0;
		};
		E1E250DB1A3751EC00B021C8 /* Sources */ = {
			isa = PBXSourcesBuildPhase;
			buildActionMask = 2147483647;
			files = (
				E1E250E61A3751EC00B021C8 /* iBeaconTest00Tests.m in Sources */,
			);
			runOnlyForDeploymentPostprocessing = 0;
		};
/* End PBXSourcesBuildPhase section */

/* Begin PBXTargetDependency section */
		E1E250E11A3751EC00B021C8 /* PBXTargetDependency */ = {
			isa = PBXTargetDependency;
			target = E1E250C21A3751EC00B021C8 /* posi-est */;
			targetProxy = E1E250E01A3751EC00B021C8 /* PBXContainerItemProxy */;
		};
/* End PBXTargetDependency section */

/* Begin PBXVariantGroup section */
		E1E250D31A3751EC00B021C8 /* Main.storyboard */ = {
			isa = PBXVariantGroup;
			children = (
				E1E250D41A3751EC00B021C8 /* Base */,
			);
			name = Main.storyboard;
			sourceTree = "<group>";
		};
		E1E250D81A3751EC00B021C8 /* LaunchScreen.xib */ = {
			isa = PBXVariantGroup;
			children = (
				E1E250D91A3751EC00B021C8 /* Base */,
			);
			name = LaunchScreen.xib;
			sourceTree = "<group>";
		};
/* End PBXVariantGroup section */

/* Begin XCBuildConfiguration section */
		E1E250E71A3751EC00B021C8 /* Debug */ = {
			isa = XCBuildConfiguration;
			buildSettings = {
				ALWAYS_SEARCH_USER_PATHS = NO;
				CLANG_CXX_LANGUAGE_STANDARD = "gnu++0x";
				CLANG_CXX_LIBRARY = "libc++";
				CLANG_ENABLE_MODULES = YES;
				CLANG_ENABLE_OBJC_ARC = YES;
				CLANG_WARN_BOOL_CONVERSION = YES;
				CLANG_WARN_CONSTANT_CONVERSION = YES;
				CLANG_WARN_DIRECT_OBJC_ISA_USAGE = YES_ERROR;
				CLANG_WARN_EMPTY_BODY = YES;
				CLANG_WARN_ENUM_CONVERSION = YES;
				CLANG_WARN_INT_CONVERSION = YES;
				CLANG_WARN_OBJC_ROOT_CLASS = YES_ERROR;
				CLANG_WARN_UNREACHABLE_CODE = YES;
				CLANG_WARN__DUPLICATE_METHOD_MATCH = YES;
				"CODE_SIGN_IDENTITY[sdk=iphoneos*]" = "iPhone Developer";
				COPY_PHASE_STRIP = NO;
				ENABLE_STRICT_OBJC_MSGSEND = YES;
				GCC_C_LANGUAGE_STANDARD = gnu99;
				GCC_DYNAMIC_NO_PIC = NO;
				GCC_OPTIMIZATION_LEVEL = 0;
				GCC_PREPROCESSOR_DEFINITIONS = (
					"DEBUG=1",
					"$(inherited)",
				);
				GCC_SYMBOLS_PRIVATE_EXTERN = NO;
				GCC_WARN_64_TO_32_BIT_CONVERSION = YES;
				GCC_WARN_ABOUT_RETURN_TYPE = YES_ERROR;
				GCC_WARN_UNDECLARED_SELECTOR = YES;
				GCC_WARN_UNINITIALIZED_AUTOS = YES_AGGRESSIVE;
				GCC_WARN_UNUSED_FUNCTION = YES;
				GCC_WARN_UNUSED_VARIABLE = YES;
				IPHONEOS_DEPLOYMENT_TARGET = 8.1;
				MTL_ENABLE_DEBUG_INFO = YES;
				ONLY_ACTIVE_ARCH = YES;
				SDKROOT = iphoneos;
			};
			name = Debug;
		};
		E1E250E81A3751EC00B021C8 /* Release */ = {
			isa = XCBuildConfiguration;
			buildSettings = {
				ALWAYS_SEARCH_USER_PATHS = NO;
				CLANG_CXX_LANGUAGE_STANDARD = "gnu++0x";
				CLANG_CXX_LIBRARY = "libc++";
				CLANG_ENABLE_MODULES = YES;
				CLANG_ENABLE_OBJC_ARC = YES;
				CLANG_WARN_BOOL_CONVERSION = YES;
				CLANG_WARN_CONSTANT_CONVERSION = YES;
				CLANG_WARN_DIRECT_OBJC_ISA_USAGE = YES_ERROR;
				CLANG_WARN_EMPTY_BODY = YES;
				CLANG_WARN_ENUM_CONVERSION = YES;
				CLANG_WARN_INT_CONVERSION = YES;
				CLANG_WARN_OBJC_ROOT_CLASS = YES_ERROR;
				CLANG_WARN_UNREACHABLE_CODE = YES;
				CLANG_WARN__DUPLICATE_METHOD_MATCH = YES;
				"CODE_SIGN_IDENTITY[sdk=iphoneos*]" = "iPhone Developer";
				COPY_PHASE_STRIP = YES;
				ENABLE_NS_ASSERTIONS = NO;
				ENABLE_STRICT_OBJC_MSGSEND = YES;
				GCC_C_LANGUAGE_STANDARD = gnu99;
				GCC_WARN_64_TO_32_BIT_CONVERSION = YES;
				GCC_WARN_ABOUT_RETURN_TYPE = YES_ERROR;
				GCC_WARN_UNDECLARED_SELECTOR = YES;
				GCC_WARN_UNINITIALIZED_AUTOS = YES_AGGRESSIVE;
				GCC_WARN_UNUSED_FUNCTION = YES;
				GCC_WARN_UNUSED_VARIABLE = YES;
				IPHONEOS_DEPLOYMENT_TARGET = 8.1;
				MTL_ENABLE_DEBUG_INFO = NO;
				SDKROOT = iphoneos;
				VALIDATE_PRODUCT = YES;
			};
			name = Release;
		};
		E1E250EA1A3751EC00B021C8 /* Debug */ = {
			isa = XCBuildConfiguration;
			buildSettings = {
				ASSETCATALOG_COMPILER_APPICON_NAME = AppIcon;
				CODE_SIGN_IDENTITY = "iPhone Developer";
				"CODE_SIGN_IDENTITY[sdk=iphoneos*]" = "iPhone Developer";
				INFOPLIST_FILE = "posi-est/Info.plist";
				IPHONEOS_DEPLOYMENT_TARGET = 8.3;
				LD_RUNPATH_SEARCH_PATHS = "$(inherited) @executable_path/Frameworks";
				PRODUCT_NAME = "$(TARGET_NAME)";
				PROVISIONING_PROFILE = "";
			};
			name = Debug;
		};
		E1E250EB1A3751EC00B021C8 /* Release */ = {
			isa = XCBuildConfiguration;
			buildSettings = {
				ASSETCATALOG_COMPILER_APPICON_NAME = AppIcon;
				CODE_SIGN_IDENTITY = "iPhone Developer";
				"CODE_SIGN_IDENTITY[sdk=iphoneos*]" = "iPhone Developer";
				INFOPLIST_FILE = "posi-est/Info.plist";
				IPHONEOS_DEPLOYMENT_TARGET = 8.3;
				LD_RUNPATH_SEARCH_PATHS = "$(inherited) @executable_path/Frameworks";
				PRODUCT_NAME = "$(TARGET_NAME)";
				PROVISIONING_PROFILE = "";
			};
			name = Release;
		};
		E1E250ED1A3751EC00B021C8 /* Debug */ = {
			isa = XCBuildConfiguration;
			buildSettings = {
				BUNDLE_LOADER = "$(TEST_HOST)";
				FRAMEWORK_SEARCH_PATHS = (
					"$(SDKROOT)/Developer/Library/Frameworks",
					"$(inherited)",
				);
				GCC_PREPROCESSOR_DEFINITIONS = (
					"DEBUG=1",
					"$(inherited)",
				);
				INFOPLIST_FILE = iBeaconTest00Tests/Info.plist;
				LD_RUNPATH_SEARCH_PATHS = "$(inherited) @executable_path/Frameworks @loader_path/Frameworks";
				PRODUCT_NAME = "$(TARGET_NAME)";
				TEST_HOST = "$(BUILT_PRODUCTS_DIR)/posi-est.app/posi-est";
			};
			name = Debug;
		};
		E1E250EE1A3751EC00B021C8 /* Release */ = {
			isa = XCBuildConfiguration;
			buildSettings = {
				BUNDLE_LOADER = "$(TEST_HOST)";
				FRAMEWORK_SEARCH_PATHS = (
					"$(SDKROOT)/Developer/Library/Frameworks",
					"$(inherited)",
				);
				INFOPLIST_FILE = iBeaconTest00Tests/Info.plist;
				LD_RUNPATH_SEARCH_PATHS = "$(inherited) @executable_path/Frameworks @loader_path/Frameworks";
				PRODUCT_NAME = "$(TARGET_NAME)";
				TEST_HOST = "$(BUILT_PRODUCTS_DIR)/posi-est.app/posi-est";
			};
			name = Release;
		};
/* End XCBuildConfiguration section */

/* Begin XCConfigurationList section */
		E1E250BE1A3751EC00B021C8 /* Build configuration list for PBXProject "posi-est" */ = {
			isa = XCConfigurationList;
			buildConfigurations = (
				E1E250E71A3751EC00B021C8 /* Debug */,
				E1E250E81A3751EC00B021C8 /* Release */,
			);
			defaultConfigurationIsVisible = 0;
			defaultConfigurationName = Release;
		};
		E1E250E91A3751EC00B021C8 /* Build configuration list for PBXNativeTarget "posi-est" */ = {
			isa = XCConfigurationList;
			buildConfigurations = (
				E1E250EA1A3751EC00B021C8 /* Debug */,
				E1E250EB1A3751EC00B021C8 /* Release */,
			);
			defaultConfigurationIsVisible = 0;
			defaultConfigurationName = Release;
		};
		E1E250EC1A3751EC00B021C8 /* Build configuration list for PBXNativeTarget "posi-estTests" */ = {
			isa = XCConfigurationList;
			buildConfigurations = (
				E1E250ED1A3751EC00B021C8 /* Debug */,
				E1E250EE1A3751EC00B021C8 /* Release */,
			);
			defaultConfigurationIsVisible = 0;
			defaultConfigurationName = Release;
		};
/* End XCConfigurationList section */

/* Begin XCVersionGroup section */
		E1E250CD1A3751EC00B021C8 /* iBeaconTest00.xcdatamodeld */ = {
			isa = XCVersionGroup;
			children = (
				E1E250CE1A3751EC00B021C8 /* iBeaconTest00.xcdatamodel */,
			);
			currentVersion = E1E250CE1A3751EC00B021C8 /* iBeaconTest00.xcdatamodel */;
			path = iBeaconTest00.xcdatamodeld;
			sourceTree = "<group>";
			versionGroupType = wrapper.xcdatamodel;
		};
/* End XCVersionGroup section */
	};
	rootObject = E1E250BB1A3751EC00B021C8 /* Project object */;
}
